// !$*UTF8*$!
{
	archiveVersion = 1;
	classes = {
	};
	objectVersion = 50;
	objects = {

/* Begin PBXBuildFile section */
		4379F5F12583357C00854F32 /* FifteenView.swift in Sources */ = {isa = PBXBuildFile; fileRef = 4379F5F02583357C00854F32 /* FifteenView.swift */; };
		D8180396257BA8D90048D975 /* PiatnashkiApp.swift in Sources */ = {isa = PBXBuildFile; fileRef = D8180395257BA8D90048D975 /* PiatnashkiApp.swift */; };
		D8180398257BA8D90048D975 /* ContentView.swift in Sources */ = {isa = PBXBuildFile; fileRef = D8180397257BA8D90048D975 /* ContentView.swift */; };
		D818039A257BA8DA0048D975 /* Assets.xcassets in Resources */ = {isa = PBXBuildFile; fileRef = D8180399257BA8DA0048D975 /* Assets.xcassets */; };
		D818039D257BA8DA0048D975 /* Preview Assets.xcassets in Resources */ = {isa = PBXBuildFile; fileRef = D818039C257BA8DA0048D975 /* Preview Assets.xcassets */; };
/* End PBXBuildFile section */

/* Begin PBXFileReference section */
		4379F5F02583357C00854F32 /* FifteenView.swift */ = {isa = PBXFileReference; lastKnownFileType = sourcecode.swift; path = FifteenView.swift; sourceTree = "<group>"; };
		D8180392257BA8D90048D975 /* Piatnashki.app */ = {isa = PBXFileReference; explicitFileType = wrapper.application; includeInIndex = 0; path = Piatnashki.app; sourceTree = BUILT_PRODUCTS_DIR; };
		D8180395257BA8D90048D975 /* PiatnashkiApp.swift */ = {isa = PBXFileReference; lastKnownFileType = sourcecode.swift; path = PiatnashkiApp.swift; sourceTree = "<group>"; };
		D8180397257BA8D90048D975 /* ContentView.swift */ = {isa = PBXFileReference; lastKnownFileType = sourcecode.swift; path = ContentView.swift; sourceTree = "<group>"; };
		D8180399257BA8DA0048D975 /* Assets.xcassets */ = {isa = PBXFileReference; lastKnownFileType = folder.assetcatalog; path = Assets.xcassets; sourceTree = "<group>"; };
		D818039C257BA8DA0048D975 /* Preview Assets.xcassets */ = {isa = PBXFileReference; lastKnownFileType = folder.assetcatalog; path = "Preview Assets.xcassets"; sourceTree = "<group>"; };
		D818039E257BA8DA0048D975 /* Info.plist */ = {isa = PBXFileReference; lastKnownFileType = text.plist.xml; path = Info.plist; sourceTree = "<group>"; };
/* End PBXFileReference section */

/* Begin PBXFrameworksBuildPhase section */
		D818038F257BA8D90048D975 /* Frameworks */ = {
			isa = PBXFrameworksBuildPhase;
			buildActionMask = 2147483647;
			files = (
			);
			runOnlyForDeploymentPostprocessing = 0;
		};
/* End PBXFrameworksBuildPhase section */

/* Begin PBXGroup section */
		D8180389257BA8D90048D975 = {
			isa = PBXGroup;
			children = (
				D8180394257BA8D90048D975 /* Piatnashki */,
				D8180393257BA8D90048D975 /* Products */,
			);
			sourceTree = "<group>";
		};
		D8180393257BA8D90048D975 /* Products */ = {
			isa = PBXGroup;
			children = (
				D8180392257BA8D90048D975 /* Piatnashki.app */,
			);
			name = Products;
			sourceTree = "<group>";
		};
		D8180394257BA8D90048D975 /* Piatnashki */ = {
			isa = PBXGroup;
			children = (
				D8180395257BA8D90048D975 /* PiatnashkiApp.swift */,
				D8180397257BA8D90048D975 /* ContentView.swift */,
				4379F5F02583357C00854F32 /* FifteenView.swift */,
				D8180399257BA8DA0048D975 /* Assets.xcassets */,
				D818039E257BA8DA0048D975 /* Info.plist */,
				D818039B257BA8DA0048D975 /* Preview Content */,
			);
			path = Piatnashki;
			sourceTree = "<group>";
		};
		D818039B257BA8DA0048D975 /* Preview Content */ = {
			isa = PBXGroup;
			children = (
				D818039C257BA8DA0048D975 /* Preview Assets.xcassets */,
			);
			path = "Preview Content";
			sourceTree = "<group>";
		};
/* End PBXGroup section */

/* Begin PBXNativeTarget section */
		D8180391257BA8D90048D975 /* Piatnashki */ = {
			isa = PBXNativeTarget;
			buildConfigurationList = D81803A1257BA8DA0048D975 /* Build configuration list for PBXNativeTarget "Piatnashki" */;
			buildPhases = (
				D818038E257BA8D90048D975 /* Sources */,
				D818038F257BA8D90048D975 /* Frameworks */,
				D8180390257BA8D90048D975 /* Resources */,
			);
			buildRules = (
			);
			dependencies = (
			);
			name = Piatnashki;
			productName = Piatnashki;
			productReference = D8180392257BA8D90048D975 /* Piatnashki.app */;
			productType = "com.apple.product-type.application";
		};
/* End PBXNativeTarget section */

/* Begin PBXProject section */
		D818038A257BA8D90048D975 /* Project object */ = {
			isa = PBXProject;
			attributes = {
				LastSwiftUpdateCheck = 1220;
				LastUpgradeCheck = 1220;
				TargetAttributes = {
					D8180391257BA8D90048D975 = {
						CreatedOnToolsVersion = 12.2;
					};
				};
			};
			buildConfigurationList = D818038D257BA8D90048D975 /* Build configuration list for PBXProject "Piatnashki" */;
			compatibilityVersion = "Xcode 9.3";
			developmentRegion = en;
			hasScannedForEncodings = 0;
			knownRegions = (
				en,
				Base,
			);
			mainGroup = D8180389257BA8D90048D975;
			productRefGroup = D8180393257BA8D90048D975 /* Products */;
			projectDirPath = "";
			projectRoot = "";
			targets = (
				D8180391257BA8D90048D975 /* Piatnashki */,
			);
		};
/* End PBXProject section */

/* Begin PBXResourcesBuildPhase section */
		D8180390257BA8D90048D975 /* Resources */ = {
			isa = PBXResourcesBuildPhase;
			buildActionMask = 2147483647;
			files = (
				D818039D257BA8DA0048D975 /* Preview Assets.xcassets in Resources */,
				D818039A257BA8DA0048D975 /* Assets.xcassets in Resources */,
			);
			runOnlyForDeploymentPostprocessing = 0;
		};
/* End PBXResourcesBuildPhase section */

/* Begin PBXSourcesBuildPhase section */
		D818038E257BA8D90048D975 /* Sources */ = {
			isa = PBXSourcesBuildPhase;
			buildActionMask = 2147483647;
			files = (
				D8180398257BA8D90048D975 /* ContentView.swift in Sources */,
				D8180396257BA8D90048D975 /* PiatnashkiApp.swift in Sources */,
				4379F5F12583357C00854F32 /* FifteenView.swift in Sources */,
			);
			runOnlyForDeploymentPostprocessing = 0;
		};
/* End PBXSourcesBuildPhase section */

/* Begin XCBuildConfiguration section */
		D818039F257BA8DA0048D975 /* Debug */ = {
			isa = XCBuildConfiguration;
			buildSettings = {
				ALWAYS_SEARCH_USER_PATHS = NO;
				CLANG_ANALYZER_NONNULL = YES;
				CLANG_ANALYZER_NUMBER_OBJECT_CONVERSION = YES_AGGRESSIVE;
				CLANG_CXX_LANGUAGE_STANDARD = "gnu++14";
				CLANG_CXX_LIBRARY = "libc++";
				CLANG_ENABLE_MODULES = YES;
				CLANG_ENABLE_OBJC_ARC = YES;
				CLANG_ENABLE_OBJC_WEAK = YES;
				CLANG_WARN_BLOCK_CAPTURE_AUTORELEASING = YES;
				CLANG_WARN_BOOL_CONVERSION = YES;
				CLANG_WARN_COMMA = YES;
				CLANG_WARN_CONSTANT_CONVERSION = YES;
				CLANG_WARN_DEPRECATED_OBJC_IMPLEMENTATIONS = YES;
				CLANG_WARN_DIRECT_OBJC_ISA_USAGE = YES_ERROR;
				CLANG_WARN_DOCUMENTATION_COMMENTS = YES;
				CLANG_WARN_EMPTY_BODY = YES;
				CLANG_WARN_ENUM_CONVERSION = YES;
				CLANG_WARN_INFINITE_RECURSION = YES;
				CLANG_WARN_INT_CONVERSION = YES;
				CLANG_WARN_NON_LITERAL_NULL_CONVERSION = YES;
				CLANG_WARN_OBJC_IMPLICIT_RETAIN_SELF = YES;
				CLANG_WARN_OBJC_LITERAL_CONVERSION = YES;
				CLANG_WARN_OBJC_ROOT_CLASS = YES_ERROR;
				CLANG_WARN_QUOTED_INCLUDE_IN_FRAMEWORK_HEADER = YES;
				CLANG_WARN_RANGE_LOOP_ANALYSIS = YES;
				CLANG_WARN_STRICT_PROTOTYPES = YES;
				CLANG_WARN_SUSPICIOUS_MOVE = YES;
				CLANG_WARN_UNGUARDED_AVAILABILITY = YES_AGGRESSIVE;
				CLANG_WARN_UNREACHABLE_CODE = YES;
				CLANG_WARN__DUPLICATE_METHOD_MATCH = YES;
				COPY_PHASE_STRIP = NO;
				DEBUG_INFORMATION_FORMAT = dwarf;
				ENABLE_STRICT_OBJC_MSGSEND = YES;
				ENABLE_TESTABILITY = YES;
				GCC_C_LANGUAGE_STANDARD = gnu11;
				GCC_DYNAMIC_NO_PIC = NO;
				GCC_NO_COMMON_BLOCKS = YES;
				GCC_OPTIMIZATION_LEVEL = 0;
				GCC_PREPROCESSOR_DEFINITIONS = (
					"DEBUG=1",
					"$(inherited)",
				);
				GCC_WARN_64_TO_32_BIT_CONVERSION = YES;
				GCC_WARN_ABOUT_RETURN_TYPE = YES_ERROR;
				GCC_WARN_UNDECLARED_SELECTOR = YES;
				GCC_WARN_UNINITIALIZED_AUTOS = YES_AGGRESSIVE;
				GCC_WARN_UNUSED_FUNCTION = YES;
				GCC_WARN_UNUSED_VARIABLE = YES;
				IPHONEOS_DEPLOYMENT_TARGET = 14.2;
				MTL_ENABLE_DEBUG_INFO = INCLUDE_SOURCE;
				MTL_FAST_MATH = YES;
				ONLY_ACTIVE_ARCH = YES;
				SDKROOT = iphoneos;
				SWIFT_ACTIVE_COMPILATION_CONDITIONS = DEBUG;
				SWIFT_OPTIMIZATION_LEVEL = "-Onone";
			};
			name = Debug;
		};
		D81803A0257BA8DA0048D975 /* Release */ = {
			isa = XCBuildConfiguration;
			buildSettings = {
				ALWAYS_SEARCH_USER_PATHS = NO;
				CLANG_ANALYZER_NONNULL = YES;
				CLANG_ANALYZER_NUMBER_OBJECT_CONVERSION = YES_AGGRESSIVE;
				CLANG_CXX_LANGUAGE_STANDARD = "gnu++14";
				CLANG_CXX_LIBRARY = "libc++";
				CLANG_ENABLE_MODULES = YES;
				CLANG_ENABLE_OBJC_ARC = YES;
				CLANG_ENABLE_OBJC_WEAK = YES;
				CLANG_WARN_BLOCK_CAPTURE_AUTORELEASING = YES;
				CLANG_WARN_BOOL_CONVERSION = YES;
				CLANG_WARN_COMMA = YES;
				CLANG_WARN_CONSTANT_CONVERSION = YES;
				CLANG_WARN_DEPRECATED_OBJC_IMPLEMENTATIONS = YES;
				CLANG_WARN_DIRECT_OBJC_ISA_USAGE = YES_ERROR;
				CLANG_WARN_DOCUMENTATION_COMMENTS = YES;
				CLANG_WARN_EMPTY_BODY = YES;
				CLANG_WARN_ENUM_CONVERSION = YES;
				CLANG_WARN_INFINITE_RECURSION = YES;
				CLANG_WARN_INT_CONVERSION = YES;
				CLANG_WARN_NON_LITERAL_NULL_CONVERSION = YES;
				CLANG_WARN_OBJC_IMPLICIT_RETAIN_SELF = YES;
				CLANG_WARN_OBJC_LITERAL_CONVERSION = YES;
				CLANG_WARN_OBJC_ROOT_CLASS = YES_ERROR;
				CLANG_WARN_QUOTED_INCLUDE_IN_FRAMEWORK_HEADER = YES;
				CLANG_WARN_RANGE_LOOP_ANALYSIS = YES;
				CLANG_WARN_STRICT_PROTOTYPES = YES;
				CLANG_WARN_SUSPICIOUS_MOVE = YES;
				CLANG_WARN_UNGUARDED_AVAILABILITY = YES_AGGRESSIVE;
				CLANG_WARN_UNREACHABLE_CODE = YES;
				CLANG_WARN__DUPLICATE_METHOD_MATCH = YES;
				COPY_PHASE_STRIP = NO;
				DEBUG_INFORMATION_FORMAT = "dwarf-with-dsym";
				ENABLE_NS_ASSERTIONS = NO;
				ENABLE_STRICT_OBJC_MSGSEND = YES;
				GCC_C_LANGUAGE_STANDARD = gnu11;
				GCC_NO_COMMON_BLOCKS = YES;
				GCC_WARN_64_TO_32_BIT_CONVERSION = YES;
				GCC_WARN_ABOUT_RETURN_TYPE = YES_ERROR;
				GCC_WARN_UNDECLARED_SELECTOR = YES;
				GCC_WARN_UNINITIALIZED_AUTOS = YES_AGGRESSIVE;
				GCC_WARN_UNUSED_FUNCTION = YES;
				GCC_WARN_UNUSED_VARIABLE = YES;
				IPHONEOS_DEPLOYMENT_TARGET = 14.2;
				MTL_ENABLE_DEBUG_INFO = NO;
				MTL_FAST_MATH = YES;
				SDKROOT = iphoneos;
				SWIFT_COMPILATION_MODE = wholemodule;
				SWIFT_OPTIMIZATION_LEVEL = "-O";
				VALIDATE_PRODUCT = YES;
			};
			name = Release;
		};
		D81803A2257BA8DA0048D975 /* Debug */ = {
			isa = XCBuildConfiguration;
			buildSettings = {
				ASSETCATALOG_COMPILER_APPICON_NAME = AppIcon;
				ASSETCATALOG_COMPILER_GLOBAL_ACCENT_COLOR_NAME = AccentColor;
				CODE_SIGN_STYLE = Automatic;
				DEVELOPMENT_ASSET_PATHS = "\"Piatnashki/Preview Content\"";
				ENABLE_PREVIEWS = YES;
				INFOPLIST_FILE = Piatnashki/Info.plist;
				IPHONEOS_DEPLOYMENT_TARGET = 14.0;
				LD_RUNPATH_SEARCH_PATHS = (
					"$(inherited)",
					"@executable_path/Frameworks",
				);
				PRODUCT_BUNDLE_IDENTIFIER = Sinordi.Piatnashki;
				PRODUCT_NAME = "$(TARGET_NAME)";
				SWIFT_VERSION = 5.0;
				TARGETED_DEVICE_FAMILY = "1,2";
			};
			name = Debug;
		};
		D81803A3257BA8DA0048D975 /* Release */ = {
			isa = XCBuildConfiguration;
			buildSettings = {
				ASSETCATALOG_COMPILER_APPICON_NAME = AppIcon;
				ASSETCATALOG_COMPILER_GLOBAL_ACCENT_COLOR_NAME = AccentColor;
				CODE_SIGN_STYLE = Automatic;
				DEVELOPMENT_ASSET_PATHS = "\"Piatnashki/Preview Content\"";
				ENABLE_PREVIEWS = YES;
				INFOPLIST_FILE = Piatnashki/Info.plist;
				IPHONEOS_DEPLOYMENT_TARGET = 14.0;
				LD_RUNPATH_SEARCH_PATHS = (
					"$(inherited)",
					"@executable_path/Frameworks",
				);
				PRODUCT_BUNDLE_IDENTIFIER = Sinordi.Piatnashki;
				PRODUCT_NAME = "$(TARGET_NAME)";
				SWIFT_VERSION = 5.0;
				TARGETED_DEVICE_FAMILY = "1,2";
			};
			name = Release;
		};
/* End XCBuildConfiguration section */

/* Begin XCConfigurationList section */
		D818038D257BA8D90048D975 /* Build configuration list for PBXProject "Piatnashki" */ = {
			isa = XCConfigurationList;
			buildConfigurations = (
				D818039F257BA8DA0048D975 /* Debug */,
				D81803A0257BA8DA0048D975 /* Release */,
			);
			defaultConfigurationIsVisible = 0;
			defaultConfigurationName = Release;
		};
		D81803A1257BA8DA0048D975 /* Build configuration list for PBXNativeTarget "Piatnashki" */ = {
			isa = XCConfigurationList;
			buildConfigurations = (
				D81803A2257BA8DA0048D975 /* Debug */,
				D81803A3257BA8DA0048D975 /* Release */,
			);
			defaultConfigurationIsVisible = 0;
			defaultConfigurationName = Release;
		};
/* End XCConfigurationList section */
	};
	rootObject = D818038A257BA8D90048D975 /* Project object */;
}
